
Microsoft Visual Studio Solution File, Format Version 12.00
# Visual Studio Version 17
VisualStudioVersion = 17.4.33103.184
MinimumVisualStudioVersion = 10.0.40219.1
Project("{9A19103F-16F7-4668-BE54-9A1E7A4F7556}") = "WSantosDev.EventSourcing.Commons", "Commons\WSantosDev.EventSourcing.Commons.csproj", "{696E2417-8487-47EA-96FE-69F5FB5F3F4D}"
EndProject
Project("{9A19103F-16F7-4668-BE54-9A1E7A4F7556}") = "WSantosDev.EventSourcing.Accounts", "Accounts\WSantosDev.EventSourcing.Accounts\WSantosDev.EventSourcing.Accounts.csproj", "{53520B5C-9E1A-41E7-8749-539B23FC4737}"
EndProject
Project("{9A19103F-16F7-4668-BE54-9A1E7A4F7556}") = "WSantosDev.EventSourcing.Positions", "Positions\WSantosDev.EventSourcing.Positions\WSantosDev.EventSourcing.Positions.csproj", "{8C75F0B6-B8BF-4DF8-80FF-C025F960C5E5}"
EndProject
Project("{9A19103F-16F7-4668-BE54-9A1E7A4F7556}") = "WSantosDev.EventSourcing.Orders", "Orders\WSantosDev.EventSourcing.Orders\WSantosDev.EventSourcing.Orders.csproj", "{28CB1DF2-CDBA-45B5-900B-5DA60DDB45E5}"
EndProject
Project("{9A19103F-16F7-4668-BE54-9A1E7A4F7556}") = "WSantosDev.EventSourcing.Exchange", "Exchange\WSantosDev.EventSourcing.Exchange\WSantosDev.EventSourcing.Exchange.csproj", "{C315C615-B866-42AA-AFCD-11960591DA0B}"
EndProject
Project("{9A19103F-16F7-4668-BE54-9A1E7A4F7556}") = "WSantosDev.EventSourcing.WebApi", "WebApi\WSantosDev.EventSourcing.WebApi\WSantosDev.EventSourcing.WebApi.csproj", "{4BB38CD6-FB12-495A-A86B-16797083CD8D}"
EndProject
Project("{2150E333-8FDC-42A3-9474-1A3956D46DE8}") = "Modules", "Modules", "{C578B4A8-E97F-4FDD-9190-0089EC87DAA0}"
EndProject
Project("{2150E333-8FDC-42A3-9474-1A3956D46DE8}") = "Accounts", "Accounts", "{AEEC4F84-EB2D-496D-8AA4-E30BA7FB79CC}"
EndProject
Project("{2150E333-8FDC-42A3-9474-1A3956D46DE8}") = "Positions", "Positions", "{998F9DB4-F44F-4B75-A023-4C34D226F2A0}"
EndProject
Project("{2150E333-8FDC-42A3-9474-1A3956D46DE8}") = "Exchange", "Exchange", "{C5642D49-BD1B-4B2B-8A44-C4E1BEB2D4F2}"
EndProject
Project("{2150E333-8FDC-42A3-9474-1A3956D46DE8}") = "Orders", "Orders", "{91615CC6-83A2-47BC-8470-C2C0FD854288}"
EndProject
Project("{2150E333-8FDC-42A3-9474-1A3956D46DE8}") = "Commons", "Commons", "{02EA681E-C7D8-13C7-8484-4AC65E1B71E8}"
EndProject
Project("{2150E333-8FDC-42A3-9474-1A3956D46DE8}") = "SharedStorage", "SharedStorage", "{C3F82A5B-7071-45A4-8044-F70503C3B8F3}"
EndProject
Project("{FAE04EC0-301F-11D3-BF4B-00C04F79EFBC}") = "WSantosDev.EventSourcing.Accounts.Test", "Accounts\WSantosDev.EventSourcing.Accounts.Test\WSantosDev.EventSourcing.Accounts.Test.csproj", "{7BE1950F-6176-410C-81B3-E530300F94BE}"
EndProject
Project("{FAE04EC0-301F-11D3-BF4B-00C04F79EFBC}") = "WSantosDev.EventSourcing.Exchange.Test", "Exchange\WSantosDev.EventSourcing.Exchange.Test\WSantosDev.EventSourcing.Exchange.Test.csproj", "{B17AACD6-54B0-4E5F-99C5-FB212EAD9B74}"
EndProject
Project("{FAE04EC0-301F-11D3-BF4B-00C04F79EFBC}") = "WSantosDev.EventSourcing.Orders.Test", "Orders\WSantosDev.EventSourcing.Orders.Test\WSantosDev.EventSourcing.Orders.Test.csproj", "{097BCEC9-64B8-4CE3-9BB9-89F7C8D1D6BD}"
EndProject
Project("{FAE04EC0-301F-11D3-BF4B-00C04F79EFBC}") = "WSantosDev.EventSourcing.Positions.Test", "Positions\WSantosDev.EventSourcing.Positions.Test\WSantosDev.EventSourcing.Positions.Test.csproj", "{42D075DC-F2CE-4EE8-AE0C-8EF27C37BFD9}"
EndProject
Project("{FAE04EC0-301F-11D3-BF4B-00C04F79EFBC}") = "WSantosDev.EventSourcing.SharedStorage", "SharedStorage\WSantosDev.EventSourcing.SharedStorage.csproj", "{ED32429B-ABB3-AFD9-AFAB-4AAD891C0583}"
EndProject
Global
	GlobalSection(SolutionConfigurationPlatforms) = preSolution
		Debug|Any CPU = Debug|Any CPU
		Release|Any CPU = Release|Any CPU
	EndGlobalSection
	GlobalSection(ProjectConfigurationPlatforms) = postSolution
		{696E2417-8487-47EA-96FE-69F5FB5F3F4D}.Debug|Any CPU.ActiveCfg = Debug|Any CPU
		{696E2417-8487-47EA-96FE-69F5FB5F3F4D}.Debug|Any CPU.Build.0 = Debug|Any CPU
		{696E2417-8487-47EA-96FE-69F5FB5F3F4D}.Release|Any CPU.ActiveCfg = Release|Any CPU
		{696E2417-8487-47EA-96FE-69F5FB5F3F4D}.Release|Any CPU.Build.0 = Release|Any CPU
		{53520B5C-9E1A-41E7-8749-539B23FC4737}.Debug|Any CPU.ActiveCfg = Debug|Any CPU
		{53520B5C-9E1A-41E7-8749-539B23FC4737}.Debug|Any CPU.Build.0 = Debug|Any CPU
		{53520B5C-9E1A-41E7-8749-539B23FC4737}.Release|Any CPU.ActiveCfg = Release|Any CPU
		{53520B5C-9E1A-41E7-8749-539B23FC4737}.Release|Any CPU.Build.0 = Release|Any CPU
		{8C75F0B6-B8BF-4DF8-80FF-C025F960C5E5}.Debug|Any CPU.ActiveCfg = Debug|Any CPU
		{8C75F0B6-B8BF-4DF8-80FF-C025F960C5E5}.Debug|Any CPU.Build.0 = Debug|Any CPU
		{8C75F0B6-B8BF-4DF8-80FF-C025F960C5E5}.Release|Any CPU.ActiveCfg = Release|Any CPU
		{8C75F0B6-B8BF-4DF8-80FF-C025F960C5E5}.Release|Any CPU.Build.0 = Release|Any CPU
		{28CB1DF2-CDBA-45B5-900B-5DA60DDB45E5}.Debug|Any CPU.ActiveCfg = Debug|Any CPU
		{28CB1DF2-CDBA-45B5-900B-5DA60DDB45E5}.Debug|Any CPU.Build.0 = Debug|Any CPU
		{28CB1DF2-CDBA-45B5-900B-5DA60DDB45E5}.Release|Any CPU.ActiveCfg = Release|Any CPU
		{28CB1DF2-CDBA-45B5-900B-5DA60DDB45E5}.Release|Any CPU.Build.0 = Release|Any CPU
		{C315C615-B866-42AA-AFCD-11960591DA0B}.Debug|Any CPU.ActiveCfg = Debug|Any CPU
		{C315C615-B866-42AA-AFCD-11960591DA0B}.Debug|Any CPU.Build.0 = Debug|Any CPU
		{C315C615-B866-42AA-AFCD-11960591DA0B}.Release|Any CPU.ActiveCfg = Release|Any CPU
		{C315C615-B866-42AA-AFCD-11960591DA0B}.Release|Any CPU.Build.0 = Release|Any CPU
		{4BB38CD6-FB12-495A-A86B-16797083CD8D}.Debug|Any CPU.ActiveCfg = Debug|Any CPU
		{4BB38CD6-FB12-495A-A86B-16797083CD8D}.Debug|Any CPU.Build.0 = Debug|Any CPU
		{4BB38CD6-FB12-495A-A86B-16797083CD8D}.Release|Any CPU.ActiveCfg = Release|Any CPU
		{4BB38CD6-FB12-495A-A86B-16797083CD8D}.Release|Any CPU.Build.0 = Release|Any CPU
		{7BE1950F-6176-410C-81B3-E530300F94BE}.Debug|Any CPU.ActiveCfg = Debug|Any CPU
		{7BE1950F-6176-410C-81B3-E530300F94BE}.Debug|Any CPU.Build.0 = Debug|Any CPU
		{7BE1950F-6176-410C-81B3-E530300F94BE}.Release|Any CPU.ActiveCfg = Release|Any CPU
		{7BE1950F-6176-410C-81B3-E530300F94BE}.Release|Any CPU.Build.0 = Release|Any CPU
		{B17AACD6-54B0-4E5F-99C5-FB212EAD9B74}.Debug|Any CPU.ActiveCfg = Debug|Any CPU
		{B17AACD6-54B0-4E5F-99C5-FB212EAD9B74}.Debug|Any CPU.Build.0 = Debug|Any CPU
		{B17AACD6-54B0-4E5F-99C5-FB212EAD9B74}.Release|Any CPU.ActiveCfg = Release|Any CPU
		{B17AACD6-54B0-4E5F-99C5-FB212EAD9B74}.Release|Any CPU.Build.0 = Release|Any CPU
		{097BCEC9-64B8-4CE3-9BB9-89F7C8D1D6BD}.Debug|Any CPU.ActiveCfg = Debug|Any CPU
		{097BCEC9-64B8-4CE3-9BB9-89F7C8D1D6BD}.Debug|Any CPU.Build.0 = Debug|Any CPU
		{097BCEC9-64B8-4CE3-9BB9-89F7C8D1D6BD}.Release|Any CPU.ActiveCfg = Release|Any CPU
		{097BCEC9-64B8-4CE3-9BB9-89F7C8D1D6BD}.Release|Any CPU.Build.0 = Release|Any CPU
		{42D075DC-F2CE-4EE8-AE0C-8EF27C37BFD9}.Debug|Any CPU.ActiveCfg = Debug|Any CPU
		{42D075DC-F2CE-4EE8-AE0C-8EF27C37BFD9}.Debug|Any CPU.Build.0 = Debug|Any CPU
		{42D075DC-F2CE-4EE8-AE0C-8EF27C37BFD9}.Release|Any CPU.ActiveCfg = Release|Any CPU
		{42D075DC-F2CE-4EE8-AE0C-8EF27C37BFD9}.Release|Any CPU.Build.0 = Release|Any CPU
		{ED32429B-ABB3-AFD9-AFAB-4AAD891C0583}.Debug|Any CPU.ActiveCfg = Debug|Any CPU
		{ED32429B-ABB3-AFD9-AFAB-4AAD891C0583}.Debug|Any CPU.Build.0 = Debug|Any CPU
		{ED32429B-ABB3-AFD9-AFAB-4AAD891C0583}.Release|Any CPU.ActiveCfg = Release|Any CPU
		{ED32429B-ABB3-AFD9-AFAB-4AAD891C0583}.Release|Any CPU.Build.0 = Release|Any CPU
	EndGlobalSection
	GlobalSection(SolutionProperties) = preSolution
		HideSolutionNode = FALSE
	EndGlobalSection
	GlobalSection(NestedProjects) = preSolution
		{696E2417-8487-47EA-96FE-69F5FB5F3F4D} = {02EA681E-C7D8-13C7-8484-4AC65E1B71E8}
		{53520B5C-9E1A-41E7-8749-539B23FC4737} = {AEEC4F84-EB2D-496D-8AA4-E30BA7FB79CC}
		{8C75F0B6-B8BF-4DF8-80FF-C025F960C5E5} = {998F9DB4-F44F-4B75-A023-4C34D226F2A0}
		{28CB1DF2-CDBA-45B5-900B-5DA60DDB45E5} = {91615CC6-83A2-47BC-8470-C2C0FD854288}
		{C315C615-B866-42AA-AFCD-11960591DA0B} = {C5642D49-BD1B-4B2B-8A44-C4E1BEB2D4F2}
		{AEEC4F84-EB2D-496D-8AA4-E30BA7FB79CC} = {C578B4A8-E97F-4FDD-9190-0089EC87DAA0}
		{998F9DB4-F44F-4B75-A023-4C34D226F2A0} = {C578B4A8-E97F-4FDD-9190-0089EC87DAA0}
		{C5642D49-BD1B-4B2B-8A44-C4E1BEB2D4F2} = {C578B4A8-E97F-4FDD-9190-0089EC87DAA0}
		{91615CC6-83A2-47BC-8470-C2C0FD854288} = {C578B4A8-E97F-4FDD-9190-0089EC87DAA0}
		{7BE1950F-6176-410C-81B3-E530300F94BE} = {AEEC4F84-EB2D-496D-8AA4-E30BA7FB79CC}
		{B17AACD6-54B0-4E5F-99C5-FB212EAD9B74} = {C5642D49-BD1B-4B2B-8A44-C4E1BEB2D4F2}
		{097BCEC9-64B8-4CE3-9BB9-89F7C8D1D6BD} = {91615CC6-83A2-47BC-8470-C2C0FD854288}
		{42D075DC-F2CE-4EE8-AE0C-8EF27C37BFD9} = {998F9DB4-F44F-4B75-A023-4C34D226F2A0}
		{ED32429B-ABB3-AFD9-AFAB-4AAD891C0583} = {C3F82A5B-7071-45A4-8044-F70503C3B8F3}
	EndGlobalSection
	GlobalSection(ExtensibilityGlobals) = postSolution
		SolutionGuid = {C120EAB0-505A-4A0B-A339-5B6B71FEDD07}
	EndGlobalSection
EndGlobal
